
Microsoft Visual Studio Solution File, Format Version 12.00
# Visual Studio Version 17
VisualStudioVersion = 17.0.31903.59
MinimumVisualStudioVersion = 10.0.40219.1
Project("{2150E333-8FDC-42A3-9474-1A3956D46DE8}") = "src", "src", "{4A7CA38D-75C3-4F3E-87B4-9816A638266A}"
EndProject
Project("{FAE04EC0-301F-11D3-BF4B-00C04F79EFBC}") = "Woolly", "src\Woolly\Woolly.csproj", "{B0D6074E-7764-47DA-A651-ECAA12F56F34}"
EndProject
Project("{2150E333-8FDC-42A3-9474-1A3956D46DE8}") = "test", "test", "{6E5BB671-72C2-412F-B856-F2DE03A64A0F}"
EndProject
Project("{FAE04EC0-301F-11D3-BF4B-00C04F79EFBC}") = "Woolly.Tests", "test\Woolly.Tests\Woolly.Tests.csproj", "{DD842241-44AF-4040-ADB1-2E0E6FA5352B}"
EndProject
Global
	GlobalSection(SolutionConfigurationPlatforms) = preSolution
		Debug|Any CPU = Debug|Any CPU
		Release|Any CPU = Release|Any CPU
	EndGlobalSection
	GlobalSection(SolutionProperties) = preSolution
		HideSolutionNode = FALSE
	EndGlobalSection
	GlobalSection(ProjectConfigurationPlatforms) = postSolution
		{B0D6074E-7764-47DA-A651-ECAA12F56F34}.Debug|Any CPU.ActiveCfg = Debug|Any CPU
		{B0D6074E-7764-47DA-A651-ECAA12F56F34}.Debug|Any CPU.Build.0 = Debug|Any CPU
		{B0D6074E-7764-47DA-A651-ECAA12F56F34}.Release|Any CPU.ActiveCfg = Release|Any CPU
		{B0D6074E-7764-47DA-A651-ECAA12F56F34}.Release|Any CPU.Build.0 = Release|Any CPU
		{DD842241-44AF-4040-ADB1-2E0E6FA5352B}.Debug|Any CPU.ActiveCfg = Debug|Any CPU
		{DD842241-44AF-4040-ADB1-2E0E6FA5352B}.Debug|Any CPU.Build.0 = Debug|Any CPU
		{DD842241-44AF-4040-ADB1-2E0E6FA5352B}.Release|Any CPU.ActiveCfg = Release|Any CPU
		{DD842241-44AF-4040-ADB1-2E0E6FA5352B}.Release|Any CPU.Build.0 = Release|Any CPU
	EndGlobalSection
	GlobalSection(NestedProjects) = preSolution
		{B0D6074E-7764-47DA-A651-ECAA12F56F34} = {4A7CA38D-75C3-4F3E-87B4-9816A638266A}
		{DD842241-44AF-4040-ADB1-2E0E6FA5352B} = {6E5BB671-72C2-412F-B856-F2DE03A64A0F}
	EndGlobalSection
EndGlobal
